
Microsoft Visual Studio Solution File, Format Version 12.00
# Visual Studio Version 16
VisualStudioVersion = 16.0.29926.136
MinimumVisualStudioVersion = 10.0.40219.1
Project("{FAE04EC0-301F-11D3-BF4B-00C04F79EFBC}") = "Course", "Course\Course.csproj", "{5AA5B0B5-0E42-4E4C-83D5-C0D267ED424D}"
EndProject
Global
	GlobalSection(SolutionConfigurationPlatforms) = preSolution
		Debug|Any CPU = Debug|Any CPU
		Release|Any CPU = Release|Any CPU
	EndGlobalSection
	GlobalSection(ProjectConfigurationPlatforms) = postSolution
		{5AA5B0B5-0E42-4E4C-83D5-C0D267ED424D}.Debug|Any CPU.ActiveCfg = Debug|Any CPU
		{5AA5B0B5-0E42-4E4C-83D5-C0D267ED424D}.Debug|Any CPU.Build.0 = Debug|Any CPU
		{5AA5B0B5-0E42-4E4C-83D5-C0D267ED424D}.Release|Any CPU.ActiveCfg = Release|Any CPU
		{5AA5B0B5-0E42-4E4C-83D5-C0D267ED424D}.Release|Any CPU.Build.0 = Release|Any CPU
	EndGlobalSection
	GlobalSection(SolutionProperties) = preSolution
		HideSolutionNode = FALSE
	EndGlobalSection
	GlobalSection(ExtensibilityGlobals) = postSolution
		SolutionGuid = {FB04D438-D046-49BB-BDD1-ED8996D6AC25}
	EndGlobalSection
EndGlobal
